
Microsoft Visual Studio Solution File, Format Version 12.00
# Visual Studio Version 17
VisualStudioVersion = 17.3.32819.101
MinimumVisualStudioVersion = 10.0.40219.1
Project("{FAE04EC0-301F-11D3-BF4B-00C04F79EFBC}") = "WeatherScraper", "WeatherScraper\WeatherScraper.csproj", "{AEFA49DE-50D0-48F3-A232-4E6F8A6AE7B9}"
EndProject
Global
	GlobalSection(SolutionConfigurationPlatforms) = preSolution
		Debug|Any CPU = Debug|Any CPU
		Release|Any CPU = Release|Any CPU
	EndGlobalSection
	GlobalSection(ProjectConfigurationPlatforms) = postSolution
		{AEFA49DE-50D0-48F3-A232-4E6F8A6AE7B9}.Debug|Any CPU.ActiveCfg = Debug|Any CPU
		{AEFA49DE-50D0-48F3-A232-4E6F8A6AE7B9}.Debug|Any CPU.Build.0 = Debug|Any CPU
		{AEFA49DE-50D0-48F3-A232-4E6F8A6AE7B9}.Release|Any CPU.ActiveCfg = Release|Any CPU
		{AEFA49DE-50D0-48F3-A232-4E6F8A6AE7B9}.Release|Any CPU.Build.0 = Release|Any CPU
	EndGlobalSection
	GlobalSection(SolutionProperties) = preSolution
		HideSolutionNode = FALSE
	EndGlobalSection
	GlobalSection(ExtensibilityGlobals) = postSolution
		SolutionGuid = {F57AD579-1A2E-429B-A8FC-EB9078D74B78}
	EndGlobalSection
EndGlobal
